// !$*UTF8*$!
{
	archiveVersion = 1;
	classes = {
	};
	objectVersion = 46;
	objects = {

/* Begin PBXBuildFile section */
		83FF6B8D1F55042E0020DD5E /* AppDelegate.swift in Sources */ = {isa = PBXBuildFile; fileRef = 83FF6B8C1F55042E0020DD5E /* AppDelegate.swift */; };
		83FF6B8F1F55042E0020DD5E /* GameScene.sks in Resources */ = {isa = PBXBuildFile; fileRef = 83FF6B8E1F55042E0020DD5E /* GameScene.sks */; };
		83FF6B931F55042E0020DD5E /* GameScene.swift in Sources */ = {isa = PBXBuildFile; fileRef = 83FF6B921F55042E0020DD5E /* GameScene.swift */; };
		83FF6B951F55042E0020DD5E /* GameViewController.swift in Sources */ = {isa = PBXBuildFile; fileRef = 83FF6B941F55042E0020DD5E /* GameViewController.swift */; };
		83FF6B981F55042E0020DD5E /* Main.storyboard in Resources */ = {isa = PBXBuildFile; fileRef = 83FF6B961F55042E0020DD5E /* Main.storyboard */; };
		83FF6B9A1F55042E0020DD5E /* Assets.xcassets in Resources */ = {isa = PBXBuildFile; fileRef = 83FF6B991F55042E0020DD5E /* Assets.xcassets */; };
		83FF6B9D1F55042E0020DD5E /* LaunchScreen.storyboard in Resources */ = {isa = PBXBuildFile; fileRef = 83FF6B9B1F55042E0020DD5E /* LaunchScreen.storyboard */; };
		83FF6BC11F550A2A0020DD5E /* background.jpg in Resources */ = {isa = PBXBuildFile; fileRef = 83FF6BA51F550A2A0020DD5E /* background.jpg */; };
		83FF6BC21F550A2A0020DD5E /* background@2x.jpg in Resources */ = {isa = PBXBuildFile; fileRef = 83FF6BA61F550A2A0020DD5E /* background@2x.jpg */; };
		83FF6BC31F550A2A0020DD5E /* ballBlue.png in Resources */ = {isa = PBXBuildFile; fileRef = 83FF6BA71F550A2A0020DD5E /* ballBlue.png */; };
		83FF6BC41F550A2A0020DD5E /* ballBlue@2x.png in Resources */ = {isa = PBXBuildFile; fileRef = 83FF6BA81F550A2A0020DD5E /* ballBlue@2x.png */; };
		83FF6BC51F550A2A0020DD5E /* ballCyan.png in Resources */ = {isa = PBXBuildFile; fileRef = 83FF6BA91F550A2A0020DD5E /* ballCyan.png */; };
		83FF6BC61F550A2A0020DD5E /* ballCyan@2x.png in Resources */ = {isa = PBXBuildFile; fileRef = 83FF6BAA1F550A2A0020DD5E /* ballCyan@2x.png */; };
		83FF6BC71F550A2A0020DD5E /* ballGreen.png in Resources */ = {isa = PBXBuildFile; fileRef = 83FF6BAB1F550A2A0020DD5E /* ballGreen.png */; };
		83FF6BC81F550A2A0020DD5E /* ballGreen@2x.png in Resources */ = {isa = PBXBuildFile; fileRef = 83FF6BAC1F550A2A0020DD5E /* ballGreen@2x.png */; };
		83FF6BC91F550A2A0020DD5E /* ballGrey.png in Resources */ = {isa = PBXBuildFile; fileRef = 83FF6BAD1F550A2A0020DD5E /* ballGrey.png */; };
		83FF6BCA1F550A2A0020DD5E /* ballGrey@2x.png in Resources */ = {isa = PBXBuildFile; fileRef = 83FF6BAE1F550A2A0020DD5E /* ballGrey@2x.png */; };
		83FF6BCB1F550A2A0020DD5E /* ballPurple.png in Resources */ = {isa = PBXBuildFile; fileRef = 83FF6BAF1F550A2A0020DD5E /* ballPurple.png */; };
		83FF6BCC1F550A2A0020DD5E /* ballPurple@2x.png in Resources */ = {isa = PBXBuildFile; fileRef = 83FF6BB01F550A2A0020DD5E /* ballPurple@2x.png */; };
		83FF6BCD1F550A2A0020DD5E /* ballRed.png in Resources */ = {isa = PBXBuildFile; fileRef = 83FF6BB11F550A2A0020DD5E /* ballRed.png */; };
		83FF6BCE1F550A2A0020DD5E /* ballRed@2x.png in Resources */ = {isa = PBXBuildFile; fileRef = 83FF6BB21F550A2A0020DD5E /* ballRed@2x.png */; };
		83FF6BCF1F550A2A0020DD5E /* ballYellow.png in Resources */ = {isa = PBXBuildFile; fileRef = 83FF6BB31F550A2A0020DD5E /* ballYellow.png */; };
		83FF6BD01F550A2A0020DD5E /* ballYellow@2x.png in Resources */ = {isa = PBXBuildFile; fileRef = 83FF6BB41F550A2A0020DD5E /* ballYellow@2x.png */; };
		83FF6BD11F550A2A0020DD5E /* bouncer.png in Resources */ = {isa = PBXBuildFile; fileRef = 83FF6BB51F550A2A0020DD5E /* bouncer.png */; };
		83FF6BD21F550A2A0020DD5E /* bouncer@2x.png in Resources */ = {isa = PBXBuildFile; fileRef = 83FF6BB61F550A2A0020DD5E /* bouncer@2x.png */; };
		83FF6BD31F550A2A0020DD5E /* FireParticles.sks in Resources */ = {isa = PBXBuildFile; fileRef = 83FF6BB71F550A2A0020DD5E /* FireParticles.sks */; };
		83FF6BD41F550A2A0020DD5E /* slotBaseBad.png in Resources */ = {isa = PBXBuildFile; fileRef = 83FF6BB81F550A2A0020DD5E /* slotBaseBad.png */; };
		83FF6BD51F550A2A0020DD5E /* slotBaseBad@2x.png in Resources */ = {isa = PBXBuildFile; fileRef = 83FF6BB91F550A2A0020DD5E /* slotBaseBad@2x.png */; };
		83FF6BD61F550A2A0020DD5E /* slotBaseGood.png in Resources */ = {isa = PBXBuildFile; fileRef = 83FF6BBA1F550A2A0020DD5E /* slotBaseGood.png */; };
		83FF6BD71F550A2A0020DD5E /* slotBaseGood@2x.png in Resources */ = {isa = PBXBuildFile; fileRef = 83FF6BBB1F550A2A0020DD5E /* slotBaseGood@2x.png */; };
		83FF6BD81F550A2A0020DD5E /* slotGlowBad.png in Resources */ = {isa = PBXBuildFile; fileRef = 83FF6BBC1F550A2A0020DD5E /* slotGlowBad.png */; };
		83FF6BD91F550A2A0020DD5E /* slotGlowBad@2x.png in Resources */ = {isa = PBXBuildFile; fileRef = 83FF6BBD1F550A2A0020DD5E /* slotGlowBad@2x.png */; };
		83FF6BDA1F550A2A0020DD5E /* slotGlowGood.png in Resources */ = {isa = PBXBuildFile; fileRef = 83FF6BBE1F550A2A0020DD5E /* slotGlowGood.png */; };
		83FF6BDB1F550A2A0020DD5E /* slotGlowGood@2x.png in Resources */ = {isa = PBXBuildFile; fileRef = 83FF6BBF1F550A2A0020DD5E /* slotGlowGood@2x.png */; };
		83FF6BDC1F550A2A0020DD5E /* spark.png in Resources */ = {isa = PBXBuildFile; fileRef = 83FF6BC01F550A2A0020DD5E /* spark.png */; };
/* End PBXBuildFile section */

/* Begin PBXFileReference section */
		83FF6B891F55042E0020DD5E /* Pachinko.app */ = {isa = PBXFileReference; explicitFileType = wrapper.application; includeInIndex = 0; path = Pachinko.app; sourceTree = BUILT_PRODUCTS_DIR; };
		83FF6B8C1F55042E0020DD5E /* AppDelegate.swift */ = {isa = PBXFileReference; lastKnownFileType = sourcecode.swift; path = AppDelegate.swift; sourceTree = "<group>"; };
		83FF6B8E1F55042E0020DD5E /* GameScene.sks */ = {isa = PBXFileReference; lastKnownFileType = file.sks; path = GameScene.sks; sourceTree = "<group>"; };
		83FF6B921F55042E0020DD5E /* GameScene.swift */ = {isa = PBXFileReference; lastKnownFileType = sourcecode.swift; path = GameScene.swift; sourceTree = "<group>"; };
		83FF6B941F55042E0020DD5E /* GameViewController.swift */ = {isa = PBXFileReference; lastKnownFileType = sourcecode.swift; path = GameViewController.swift; sourceTree = "<group>"; };
		83FF6B971F55042E0020DD5E /* Base */ = {isa = PBXFileReference; lastKnownFileType = file.storyboard; name = Base; path = Base.lproj/Main.storyboard; sourceTree = "<group>"; };
		83FF6B991F55042E0020DD5E /* Assets.xcassets */ = {isa = PBXFileReference; lastKnownFileType = folder.assetcatalog; path = Assets.xcassets; sourceTree = "<group>"; };
		83FF6B9C1F55042E0020DD5E /* Base */ = {isa = PBXFileReference; lastKnownFileType = file.storyboard; name = Base; path = Base.lproj/LaunchScreen.storyboard; sourceTree = "<group>"; };
		83FF6B9E1F55042E0020DD5E /* Info.plist */ = {isa = PBXFileReference; lastKnownFileType = text.plist.xml; path = Info.plist; sourceTree = "<group>"; };
		83FF6BA51F550A2A0020DD5E /* background.jpg */ = {isa = PBXFileReference; lastKnownFileType = image.jpeg; path = background.jpg; sourceTree = "<group>"; };
		83FF6BA61F550A2A0020DD5E /* background@2x.jpg */ = {isa = PBXFileReference; lastKnownFileType = image.jpeg; path = "background@2x.jpg"; sourceTree = "<group>"; };
		83FF6BA71F550A2A0020DD5E /* ballBlue.png */ = {isa = PBXFileReference; lastKnownFileType = image.png; path = ballBlue.png; sourceTree = "<group>"; };
		83FF6BA81F550A2A0020DD5E /* ballBlue@2x.png */ = {isa = PBXFileReference; lastKnownFileType = image.png; path = "ballBlue@2x.png"; sourceTree = "<group>"; };
		83FF6BA91F550A2A0020DD5E /* ballCyan.png */ = {isa = PBXFileReference; lastKnownFileType = image.png; path = ballCyan.png; sourceTree = "<group>"; };
		83FF6BAA1F550A2A0020DD5E /* ballCyan@2x.png */ = {isa = PBXFileReference; lastKnownFileType = image.png; path = "ballCyan@2x.png"; sourceTree = "<group>"; };
		83FF6BAB1F550A2A0020DD5E /* ballGreen.png */ = {isa = PBXFileReference; lastKnownFileType = image.png; path = ballGreen.png; sourceTree = "<group>"; };
		83FF6BAC1F550A2A0020DD5E /* ballGreen@2x.png */ = {isa = PBXFileReference; lastKnownFileType = image.png; path = "ballGreen@2x.png"; sourceTree = "<group>"; };
		83FF6BAD1F550A2A0020DD5E /* ballGrey.png */ = {isa = PBXFileReference; lastKnownFileType = image.png; path = ballGrey.png; sourceTree = "<group>"; };
		83FF6BAE1F550A2A0020DD5E /* ballGrey@2x.png */ = {isa = PBXFileReference; lastKnownFileType = image.png; path = "ballGrey@2x.png"; sourceTree = "<group>"; };
		83FF6BAF1F550A2A0020DD5E /* ballPurple.png */ = {isa = PBXFileReference; lastKnownFileType = image.png; path = ballPurple.png; sourceTree = "<group>"; };
		83FF6BB01F550A2A0020DD5E /* ballPurple@2x.png */ = {isa = PBXFileReference; lastKnownFileType = image.png; path = "ballPurple@2x.png"; sourceTree = "<group>"; };
		83FF6BB11F550A2A0020DD5E /* ballRed.png */ = {isa = PBXFileReference; lastKnownFileType = image.png; path = ballRed.png; sourceTree = "<group>"; };
		83FF6BB21F550A2A0020DD5E /* ballRed@2x.png */ = {isa = PBXFileReference; lastKnownFileType = image.png; path = "ballRed@2x.png"; sourceTree = "<group>"; };
		83FF6BB31F550A2A0020DD5E /* ballYellow.png */ = {isa = PBXFileReference; lastKnownFileType = image.png; path = ballYellow.png; sourceTree = "<group>"; };
		83FF6BB41F550A2A0020DD5E /* ballYellow@2x.png */ = {isa = PBXFileReference; lastKnownFileType = image.png; path = "ballYellow@2x.png"; sourceTree = "<group>"; };
		83FF6BB51F550A2A0020DD5E /* bouncer.png */ = {isa = PBXFileReference; lastKnownFileType = image.png; path = bouncer.png; sourceTree = "<group>"; };
		83FF6BB61F550A2A0020DD5E /* bouncer@2x.png */ = {isa = PBXFileReference; lastKnownFileType = image.png; path = "bouncer@2x.png"; sourceTree = "<group>"; };
		83FF6BB71F550A2A0020DD5E /* FireParticles.sks */ = {isa = PBXFileReference; lastKnownFileType = file.sks; path = FireParticles.sks; sourceTree = "<group>"; };
		83FF6BB81F550A2A0020DD5E /* slotBaseBad.png */ = {isa = PBXFileReference; lastKnownFileType = image.png; path = slotBaseBad.png; sourceTree = "<group>"; };
		83FF6BB91F550A2A0020DD5E /* slotBaseBad@2x.png */ = {isa = PBXFileReference; lastKnownFileType = image.png; path = "slotBaseBad@2x.png"; sourceTree = "<group>"; };
		83FF6BBA1F550A2A0020DD5E /* slotBaseGood.png */ = {isa = PBXFileReference; lastKnownFileType = image.png; path = slotBaseGood.png; sourceTree = "<group>"; };
		83FF6BBB1F550A2A0020DD5E /* slotBaseGood@2x.png */ = {isa = PBXFileReference; lastKnownFileType = image.png; path = "slotBaseGood@2x.png"; sourceTree = "<group>"; };
		83FF6BBC1F550A2A0020DD5E /* slotGlowBad.png */ = {isa = PBXFileReference; lastKnownFileType = image.png; path = slotGlowBad.png; sourceTree = "<group>"; };
		83FF6BBD1F550A2A0020DD5E /* slotGlowBad@2x.png */ = {isa = PBXFileReference; lastKnownFileType = image.png; path = "slotGlowBad@2x.png"; sourceTree = "<group>"; };
		83FF6BBE1F550A2A0020DD5E /* slotGlowGood.png */ = {isa = PBXFileReference; lastKnownFileType = image.png; path = slotGlowGood.png; sourceTree = "<group>"; };
		83FF6BBF1F550A2A0020DD5E /* slotGlowGood@2x.png */ = {isa = PBXFileReference; lastKnownFileType = image.png; path = "slotGlowGood@2x.png"; sourceTree = "<group>"; };
		83FF6BC01F550A2A0020DD5E /* spark.png */ = {isa = PBXFileReference; lastKnownFileType = image.png; path = spark.png; sourceTree = "<group>"; };
/* End PBXFileReference section */

/* Begin PBXFrameworksBuildPhase section */
		83FF6B861F55042E0020DD5E /* Frameworks */ = {
			isa = PBXFrameworksBuildPhase;
			buildActionMask = 2147483647;
			files = (
			);
			runOnlyForDeploymentPostprocessing = 0;
		};
/* End PBXFrameworksBuildPhase section */

/* Begin PBXGroup section */
		83FF6B801F55042E0020DD5E = {
			isa = PBXGroup;
			children = (
				83FF6B8B1F55042E0020DD5E /* Pachinko */,
				83FF6B8A1F55042E0020DD5E /* Products */,
			);
			sourceTree = "<group>";
		};
		83FF6B8A1F55042E0020DD5E /* Products */ = {
			isa = PBXGroup;
			children = (
				83FF6B891F55042E0020DD5E /* Pachinko.app */,
			);
			name = Products;
			sourceTree = "<group>";
		};
		83FF6B8B1F55042E0020DD5E /* Pachinko */ = {
			isa = PBXGroup;
			children = (
				83FF6B8C1F55042E0020DD5E /* AppDelegate.swift */,
				83FF6B8E1F55042E0020DD5E /* GameScene.sks */,
				83FF6B921F55042E0020DD5E /* GameScene.swift */,
				83FF6B941F55042E0020DD5E /* GameViewController.swift */,
				83FF6B961F55042E0020DD5E /* Main.storyboard */,
				83FF6B991F55042E0020DD5E /* Assets.xcassets */,
				83FF6B9B1F55042E0020DD5E /* LaunchScreen.storyboard */,
				83FF6BA41F550A2A0020DD5E /* Content */,
				83FF6B9E1F55042E0020DD5E /* Info.plist */,
			);
			path = Pachinko;
			sourceTree = "<group>";
		};
		83FF6BA41F550A2A0020DD5E /* Content */ = {
			isa = PBXGroup;
			children = (
				83FF6BA51F550A2A0020DD5E /* background.jpg */,
				83FF6BA61F550A2A0020DD5E /* background@2x.jpg */,
				83FF6BA71F550A2A0020DD5E /* ballBlue.png */,
				83FF6BA81F550A2A0020DD5E /* ballBlue@2x.png */,
				83FF6BA91F550A2A0020DD5E /* ballCyan.png */,
				83FF6BAA1F550A2A0020DD5E /* ballCyan@2x.png */,
				83FF6BAB1F550A2A0020DD5E /* ballGreen.png */,
				83FF6BAC1F550A2A0020DD5E /* ballGreen@2x.png */,
				83FF6BAD1F550A2A0020DD5E /* ballGrey.png */,
				83FF6BAE1F550A2A0020DD5E /* ballGrey@2x.png */,
				83FF6BAF1F550A2A0020DD5E /* ballPurple.png */,
				83FF6BB01F550A2A0020DD5E /* ballPurple@2x.png */,
				83FF6BB11F550A2A0020DD5E /* ballRed.png */,
				83FF6BB21F550A2A0020DD5E /* ballRed@2x.png */,
				83FF6BB31F550A2A0020DD5E /* ballYellow.png */,
				83FF6BB41F550A2A0020DD5E /* ballYellow@2x.png */,
				83FF6BB51F550A2A0020DD5E /* bouncer.png */,
				83FF6BB61F550A2A0020DD5E /* bouncer@2x.png */,
				83FF6BB71F550A2A0020DD5E /* FireParticles.sks */,
				83FF6BB81F550A2A0020DD5E /* slotBaseBad.png */,
				83FF6BB91F550A2A0020DD5E /* slotBaseBad@2x.png */,
				83FF6BBA1F550A2A0020DD5E /* slotBaseGood.png */,
				83FF6BBB1F550A2A0020DD5E /* slotBaseGood@2x.png */,
				83FF6BBC1F550A2A0020DD5E /* slotGlowBad.png */,
				83FF6BBD1F550A2A0020DD5E /* slotGlowBad@2x.png */,
				83FF6BBE1F550A2A0020DD5E /* slotGlowGood.png */,
				83FF6BBF1F550A2A0020DD5E /* slotGlowGood@2x.png */,
				83FF6BC01F550A2A0020DD5E /* spark.png */,
			);
			path = Content;
			sourceTree = "<group>";
		};
/* End PBXGroup section */

/* Begin PBXNativeTarget section */
		83FF6B881F55042E0020DD5E /* Pachinko */ = {
			isa = PBXNativeTarget;
			buildConfigurationList = 83FF6BA11F55042E0020DD5E /* Build configuration list for PBXNativeTarget "Pachinko" */;
			buildPhases = (
				83FF6B851F55042E0020DD5E /* Sources */,
				83FF6B861F55042E0020DD5E /* Frameworks */,
				83FF6B871F55042E0020DD5E /* Resources */,
			);
			buildRules = (
			);
			dependencies = (
			);
			name = Pachinko;
			productName = Pachinko;
			productReference = 83FF6B891F55042E0020DD5E /* Pachinko.app */;
			productType = "com.apple.product-type.application";
		};
/* End PBXNativeTarget section */

/* Begin PBXProject section */
		83FF6B811F55042E0020DD5E /* Project object */ = {
			isa = PBXProject;
			attributes = {
				LastSwiftUpdateCheck = 0830;
				LastUpgradeCheck = 0830;
				ORGANIZATIONNAME = Sujanth;
				TargetAttributes = {
					83FF6B881F55042E0020DD5E = {
						CreatedOnToolsVersion = 8.3.3;
						DevelopmentTeam = THJ5D9RD79;
						ProvisioningStyle = Automatic;
					};
				};
			};
			buildConfigurationList = 83FF6B841F55042E0020DD5E /* Build configuration list for PBXProject "Pachinko" */;
			compatibilityVersion = "Xcode 3.2";
			developmentRegion = English;
			hasScannedForEncodings = 0;
			knownRegions = (
				en,
				Base,
			);
			mainGroup = 83FF6B801F55042E0020DD5E;
			productRefGroup = 83FF6B8A1F55042E0020DD5E /* Products */;
			projectDirPath = "";
			projectRoot = "";
			targets = (
				83FF6B881F55042E0020DD5E /* Pachinko */,
			);
		};
/* End PBXProject section */

/* Begin PBXResourcesBuildPhase section */
		83FF6B871F55042E0020DD5E /* Resources */ = {
			isa = PBXResourcesBuildPhase;
			buildActionMask = 2147483647;
			files = (
				83FF6BCA1F550A2A0020DD5E /* ballGrey@2x.png in Resources */,
				83FF6BCC1F550A2A0020DD5E /* ballPurple@2x.png in Resources */,
				83FF6BD91F550A2A0020DD5E /* slotGlowBad@2x.png in Resources */,
				83FF6BC51F550A2A0020DD5E /* ballCyan.png in Resources */,
				83FF6BD61F550A2A0020DD5E /* slotBaseGood.png in Resources */,
				83FF6B981F55042E0020DD5E /* Main.storyboard in Resources */,
				83FF6BC31F550A2A0020DD5E /* ballBlue.png in Resources */,
				83FF6BDA1F550A2A0020DD5E /* slotGlowGood.png in Resources */,
				83FF6BD51F550A2A0020DD5E /* slotBaseBad@2x.png in Resources */,
				83FF6BD01F550A2A0020DD5E /* ballYellow@2x.png in Resources */,
				83FF6BD41F550A2A0020DD5E /* slotBaseBad.png in Resources */,
				83FF6BC11F550A2A0020DD5E /* background.jpg in Resources */,
				83FF6BD71F550A2A0020DD5E /* slotBaseGood@2x.png in Resources */,
				83FF6BD21F550A2A0020DD5E /* bouncer@2x.png in Resources */,
				83FF6BCD1F550A2A0020DD5E /* ballRed.png in Resources */,
				83FF6BD31F550A2A0020DD5E /* FireParticles.sks in Resources */,
				83FF6BCE1F550A2A0020DD5E /* ballRed@2x.png in Resources */,
				83FF6B8F1F55042E0020DD5E /* GameScene.sks in Resources */,
				83FF6BD81F550A2A0020DD5E /* slotGlowBad.png in Resources */,
				83FF6B9A1F55042E0020DD5E /* Assets.xcassets in Resources */,
				83FF6BCF1F550A2A0020DD5E /* ballYellow.png in Resources */,
				83FF6BD11F550A2A0020DD5E /* bouncer.png in Resources */,
				83FF6BC71F550A2A0020DD5E /* ballGreen.png in Resources */,
				83FF6BC21F550A2A0020DD5E /* background@2x.jpg in Resources */,
				83FF6B9D1F55042E0020DD5E /* LaunchScreen.storyboard in Resources */,
				83FF6BC91F550A2A0020DD5E /* ballGrey.png in Resources */,
				83FF6BC81F550A2A0020DD5E /* ballGreen@2x.png in Resources */,
				83FF6BC61F550A2A0020DD5E /* ballCyan@2x.png in Resources */,
				83FF6BDB1F550A2A0020DD5E /* slotGlowGood@2x.png in Resources */,
				83FF6BDC1F550A2A0020DD5E /* spark.png in Resources */,
				83FF6BCB1F550A2A0020DD5E /* ballPurple.png in Resources */,
				83FF6BC41F550A2A0020DD5E /* ballBlue@2x.png in Resources */,
			);
			runOnlyForDeploymentPostprocessing = 0;
		};
/* End PBXResourcesBuildPhase section */

/* Begin PBXSourcesBuildPhase section */
		83FF6B851F55042E0020DD5E /* Sources */ = {
			isa = PBXSourcesBuildPhase;
			buildActionMask = 2147483647;
			files = (
				83FF6B931F55042E0020DD5E /* GameScene.swift in Sources */,
				83FF6B951F55042E0020DD5E /* GameViewController.swift in Sources */,
				83FF6B8D1F55042E0020DD5E /* AppDelegate.swift in Sources */,
			);
			runOnlyForDeploymentPostprocessing = 0;
		};
/* End PBXSourcesBuildPhase section */

/* Begin PBXVariantGroup section */
		83FF6B961F55042E0020DD5E /* Main.storyboard */ = {
			isa = PBXVariantGroup;
			children = (
				83FF6B971F55042E0020DD5E /* Base */,
			);
			name = Main.storyboard;
			sourceTree = "<group>";
		};
		83FF6B9B1F55042E0020DD5E /* LaunchScreen.storyboard */ = {
			isa = PBXVariantGroup;
			children = (
				83FF6B9C1F55042E0020DD5E /* Base */,
			);
			name = LaunchScreen.storyboard;
			sourceTree = "<group>";
		};
/* End PBXVariantGroup section */

/* Begin XCBuildConfiguration section */
		83FF6B9F1F55042E0020DD5E /* Debug */ = {
			isa = XCBuildConfiguration;
			buildSettings = {
				ALWAYS_SEARCH_USER_PATHS = NO;
				CLANG_ANALYZER_NONNULL = YES;
				CLANG_ANALYZER_NUMBER_OBJECT_CONVERSION = YES_AGGRESSIVE;
				CLANG_CXX_LANGUAGE_STANDARD = "gnu++0x";
				CLANG_CXX_LIBRARY = "libc++";
				CLANG_ENABLE_MODULES = YES;
				CLANG_ENABLE_OBJC_ARC = YES;
				CLANG_WARN_BOOL_CONVERSION = YES;
				CLANG_WARN_CONSTANT_CONVERSION = YES;
				CLANG_WARN_DIRECT_OBJC_ISA_USAGE = YES_ERROR;
				CLANG_WARN_DOCUMENTATION_COMMENTS = YES;
				CLANG_WARN_EMPTY_BODY = YES;
				CLANG_WARN_ENUM_CONVERSION = YES;
				CLANG_WARN_INFINITE_RECURSION = YES;
				CLANG_WARN_INT_CONVERSION = YES;
				CLANG_WARN_OBJC_ROOT_CLASS = YES_ERROR;
				CLANG_WARN_SUSPICIOUS_MOVE = YES;
				CLANG_WARN_UNREACHABLE_CODE = YES;
				CLANG_WARN__DUPLICATE_METHOD_MATCH = YES;
				"CODE_SIGN_IDENTITY[sdk=iphoneos*]" = "iPhone Developer";
				COPY_PHASE_STRIP = NO;
				DEBUG_INFORMATION_FORMAT = dwarf;
				ENABLE_STRICT_OBJC_MSGSEND = YES;
				ENABLE_TESTABILITY = YES;
				GCC_C_LANGUAGE_STANDARD = gnu99;
				GCC_DYNAMIC_NO_PIC = NO;
				GCC_NO_COMMON_BLOCKS = YES;
				GCC_OPTIMIZATION_LEVEL = 0;
				GCC_PREPROCESSOR_DEFINITIONS = (
					"DEBUG=1",
					"$(inherited)",
				);
				GCC_WARN_64_TO_32_BIT_CONVERSION = YES;
				GCC_WARN_ABOUT_RETURN_TYPE = YES_ERROR;
				GCC_WARN_UNDECLARED_SELECTOR = YES;
				GCC_WARN_UNINITIALIZED_AUTOS = YES_AGGRESSIVE;
				GCC_WARN_UNUSED_FUNCTION = YES;
				GCC_WARN_UNUSED_VARIABLE = YES;
				IPHONEOS_DEPLOYMENT_TARGET = 10.3;
				MTL_ENABLE_DEBUG_INFO = YES;
				ONLY_ACTIVE_ARCH = YES;
				SDKROOT = iphoneos;
				SWIFT_ACTIVE_COMPILATION_CONDITIONS = DEBUG;
				SWIFT_OPTIMIZATION_LEVEL = "-Onone";
				TARGETED_DEVICE_FAMILY = 2;
			};
			name = Debug;
		};
		83FF6BA01F55042E0020DD5E /* Release */ = {
			isa = XCBuildConfiguration;
			buildSettings = {
				ALWAYS_SEARCH_USER_PATHS = NO;
				CLANG_ANALYZER_NONNULL = YES;
				CLANG_ANALYZER_NUMBER_OBJECT_CONVERSION = YES_AGGRESSIVE;
				CLANG_CXX_LANGUAGE_STANDARD = "gnu++0x";
				CLANG_CXX_LIBRARY = "libc++";
				CLANG_ENABLE_MODULES = YES;
				CLANG_ENABLE_OBJC_ARC = YES;
				CLANG_WARN_BOOL_CONVERSION = YES;
				CLANG_WARN_CONSTANT_CONVERSION = YES;
				CLANG_WARN_DIRECT_OBJC_ISA_USAGE = YES_ERROR;
				CLANG_WARN_DOCUMENTATION_COMMENTS = YES;
				CLANG_WARN_EMPTY_BODY = YES;
				CLANG_WARN_ENUM_CONVERSION = YES;
				CLANG_WARN_INFINITE_RECURSION = YES;
				CLANG_WARN_INT_CONVERSION = YES;
				CLANG_WARN_OBJC_ROOT_CLASS = YES_ERROR;
				CLANG_WARN_SUSPICIOUS_MOVE = YES;
				CLANG_WARN_UNREACHABLE_CODE = YES;
				CLANG_WARN__DUPLICATE_METHOD_MATCH = YES;
				"CODE_SIGN_IDENTITY[sdk=iphoneos*]" = "iPhone Developer";
				COPY_PHASE_STRIP = NO;
				DEBUG_INFORMATION_FORMAT = "dwarf-with-dsym";
				ENABLE_NS_ASSERTIONS = NO;
				ENABLE_STRICT_OBJC_MSGSEND = YES;
				GCC_C_LANGUAGE_STANDARD = gnu99;
				GCC_NO_COMMON_BLOCKS = YES;
				GCC_WARN_64_TO_32_BIT_CONVERSION = YES;
				GCC_WARN_ABOUT_RETURN_TYPE = YES_ERROR;
				GCC_WARN_UNDECLARED_SELECTOR = YES;
				GCC_WARN_UNINITIALIZED_AUTOS = YES_AGGRESSIVE;
				GCC_WARN_UNUSED_FUNCTION = YES;
				GCC_WARN_UNUSED_VARIABLE = YES;
				IPHONEOS_DEPLOYMENT_TARGET = 10.3;
				MTL_ENABLE_DEBUG_INFO = NO;
				SDKROOT = iphoneos;
				SWIFT_OPTIMIZATION_LEVEL = "-Owholemodule";
				TARGETED_DEVICE_FAMILY = 2;
				VALIDATE_PRODUCT = YES;
			};
			name = Release;
		};
		83FF6BA21F55042E0020DD5E /* Debug */ = {
			isa = XCBuildConfiguration;
			buildSettings = {
				ASSETCATALOG_COMPILER_APPICON_NAME = AppIcon;
				DEVELOPMENT_TEAM = THJ5D9RD79;
				INFOPLIST_FILE = Pachinko/Info.plist;
				LD_RUNPATH_SEARCH_PATHS = "$(inherited) @executable_path/Frameworks";
				PRODUCT_BUNDLE_IDENTIFIER = com.sujanth.Pachinko;
				PRODUCT_NAME = "$(TARGET_NAME)";
				SWIFT_VERSION = 3.0;
			};
			name = Debug;
		};
		83FF6BA31F55042E0020DD5E /* Release */ = {
			isa = XCBuildConfiguration;
			buildSettings = {
				ASSETCATALOG_COMPILER_APPICON_NAME = AppIcon;
				DEVELOPMENT_TEAM = THJ5D9RD79;
				INFOPLIST_FILE = Pachinko/Info.plist;
				LD_RUNPATH_SEARCH_PATHS = "$(inherited) @executable_path/Frameworks";
				PRODUCT_BUNDLE_IDENTIFIER = com.sujanth.Pachinko;
				PRODUCT_NAME = "$(TARGET_NAME)";
				SWIFT_VERSION = 3.0;
			};
			name = Release;
		};
/* End XCBuildConfiguration section */

/* Begin XCConfigurationList section */
		83FF6B841F55042E0020DD5E /* Build configuration list for PBXProject "Pachinko" */ = {
			isa = XCConfigurationList;
			buildConfigurations = (
				83FF6B9F1F55042E0020DD5E /* Debug */,
				83FF6BA01F55042E0020DD5E /* Release */,
			);
			defaultConfigurationIsVisible = 0;
			defaultConfigurationName = Release;
		};
		83FF6BA11F55042E0020DD5E /* Build configuration list for PBXNativeTarget "Pachinko" */ = {
			isa = XCConfigurationList;
			buildConfigurations = (
				83FF6BA21F55042E0020DD5E /* Debug */,
				83FF6BA31F55042E0020DD5E /* Release */,
			);
			defaultConfigurationIsVisible = 0;
		};
/* End XCConfigurationList section */
	};
	rootObject = 83FF6B811F55042E0020DD5E /* Project object */;
}
